
Microsoft Visual Studio Solution File, Format Version 12.00
# Visual Studio Version 17
VisualStudioVersion = 17.12.35521.163
MinimumVisualStudioVersion = 10.0.40219.1
Project("{FAE04EC0-301F-11D3-BF4B-00C04F79EFBC}") = "OnlineShop", "OnlineShop\OnlineShop.csproj", "{0E352141-74E8-4978-AC62-A7BB6FA2D00A}"
EndProject
Project("{FAE04EC0-301F-11D3-BF4B-00C04F79EFBC}") = "OnlineShop.DataAccess", "OnlineShop.DataAccess\OnlineShop.DataAccess.csproj", "{84CD94C1-C4E2-4009-AB99-1F3DF6D18144}"
EndProject
Project("{FAE04EC0-301F-11D3-BF4B-00C04F79EFBC}") = "OnlineShop.Models", "OnlineShop.Models\OnlineShop.Models.csproj", "{6D4D9C8D-C92E-4832-BAA7-4202B54B5D79}"
EndProject
Project("{FAE04EC0-301F-11D3-BF4B-00C04F79EFBC}") = "OnlineShop.Utility", "OnlineShop.Utility\OnlineShop.Utility.csproj", "{7C9EF111-0745-4A98-9EF1-55DCDA2DF134}"
EndProject
Global
	GlobalSection(SolutionConfigurationPlatforms) = preSolution
		Debug|Any CPU = Debug|Any CPU
		Release|Any CPU = Release|Any CPU
	EndGlobalSection
	GlobalSection(ProjectConfigurationPlatforms) = postSolution
		{0E352141-74E8-4978-AC62-A7BB6FA2D00A}.Debug|Any CPU.ActiveCfg = Debug|Any CPU
		{0E352141-74E8-4978-AC62-A7BB6FA2D00A}.Debug|Any CPU.Build.0 = Debug|Any CPU
		{0E352141-74E8-4978-AC62-A7BB6FA2D00A}.Release|Any CPU.ActiveCfg = Release|Any CPU
		{0E352141-74E8-4978-AC62-A7BB6FA2D00A}.Release|Any CPU.Build.0 = Release|Any CPU
		{84CD94C1-C4E2-4009-AB99-1F3DF6D18144}.Debug|Any CPU.ActiveCfg = Debug|Any CPU
		{84CD94C1-C4E2-4009-AB99-1F3DF6D18144}.Debug|Any CPU.Build.0 = Debug|Any CPU
		{84CD94C1-C4E2-4009-AB99-1F3DF6D18144}.Release|Any CPU.ActiveCfg = Release|Any CPU
		{84CD94C1-C4E2-4009-AB99-1F3DF6D18144}.Release|Any CPU.Build.0 = Release|Any CPU
		{6D4D9C8D-C92E-4832-BAA7-4202B54B5D79}.Debug|Any CPU.ActiveCfg = Debug|Any CPU
		{6D4D9C8D-C92E-4832-BAA7-4202B54B5D79}.Debug|Any CPU.Build.0 = Debug|Any CPU
		{6D4D9C8D-C92E-4832-BAA7-4202B54B5D79}.Release|Any CPU.ActiveCfg = Release|Any CPU
		{6D4D9C8D-C92E-4832-BAA7-4202B54B5D79}.Release|Any CPU.Build.0 = Release|Any CPU
		{7C9EF111-0745-4A98-9EF1-55DCDA2DF134}.Debug|Any CPU.ActiveCfg = Debug|Any CPU
		{7C9EF111-0745-4A98-9EF1-55DCDA2DF134}.Debug|Any CPU.Build.0 = Debug|Any CPU
		{7C9EF111-0745-4A98-9EF1-55DCDA2DF134}.Release|Any CPU.ActiveCfg = Release|Any CPU
		{7C9EF111-0745-4A98-9EF1-55DCDA2DF134}.Release|Any CPU.Build.0 = Release|Any CPU
	EndGlobalSection
	GlobalSection(SolutionProperties) = preSolution
		HideSolutionNode = FALSE
	EndGlobalSection
EndGlobal
